{
    "_meta": {
        "hash": {
            "sha256": "74adfa92cae8329659368bf2b724ac5322f35c5fe0a8bd1247ea439a67ce6539"
        },
        "pipfile-spec": 6,
        "requires": {
            "python_version": "3.9"
        },
        "sources": [
            {
                "name": "pypi",
                "url": "https://pypi.org/simple",
                "verify_ssl": true
            }
        ]
    },
    "default": {
        "html2text": {
            "hashes": [
                "sha256:05f8e367d15aaabc96415376776cdd11afd5127a77fce6e36afc60c563ca2c32"
            ],
            "index": "pypi",
            "markers": "python_version >= '3.8'",
            "version": "==2024.2.26"
        }
    },
    "develop": {}
}
